
Microsoft Visual Studio Solution File, Format Version 12.00
# Visual Studio Version 17
VisualStudioVersion = 17.10.34916.146
MinimumVisualStudioVersion = 10.0.40219.1
Project("{FAE04EC0-301F-11D3-BF4B-00C04F79EFBC}") = "WebChatServer", "WebChatServer\WebChatServer.csproj", "{A2426146-95AC-49C2-8CF3-1E3C5FD88A5F}"
EndProject
Global
	GlobalSection(SolutionConfigurationPlatforms) = preSolution
		Debug|Any CPU = Debug|Any CPU
		Release|Any CPU = Release|Any CPU
	EndGlobalSection
	GlobalSection(ProjectConfigurationPlatforms) = postSolution
		{A2426146-95AC-49C2-8CF3-1E3C5FD88A5F}.Debug|Any CPU.ActiveCfg = Debug|Any CPU
		{A2426146-95AC-49C2-8CF3-1E3C5FD88A5F}.Debug|Any CPU.Build.0 = Debug|Any CPU
		{A2426146-95AC-49C2-8CF3-1E3C5FD88A5F}.Release|Any CPU.ActiveCfg = Release|Any CPU
		{A2426146-95AC-49C2-8CF3-1E3C5FD88A5F}.Release|Any CPU.Build.0 = Release|Any CPU
	EndGlobalSection
	GlobalSection(SolutionProperties) = preSolution
		HideSolutionNode = FALSE
	EndGlobalSection
	GlobalSection(ExtensibilityGlobals) = postSolution
		SolutionGuid = {E4EA100C-F0E7-48B4-AADD-FD53EE93F47C}
	EndGlobalSection
EndGlobal
